
Microsoft Visual Studio Solution File, Format Version 12.00
# Visual Studio Version 17
VisualStudioVersion = 17.11.35222.181
MinimumVisualStudioVersion = 10.0.40219.1
Project("{F184B08F-C81C-45F6-A57F-5ABD9991F28F}") = "Ticketsystem", "Ticketsystem\Ticketsystem.vbproj", "{74E5A03D-FA5D-4E5B-9AAA-58F31986E6D6}"
EndProject
Global
	GlobalSection(SolutionConfigurationPlatforms) = preSolution
		Debug|Any CPU = Debug|Any CPU
		Release|Any CPU = Release|Any CPU
	EndGlobalSection
	GlobalSection(ProjectConfigurationPlatforms) = postSolution
		{74E5A03D-FA5D-4E5B-9AAA-58F31986E6D6}.Debug|Any CPU.ActiveCfg = Debug|Any CPU
		{74E5A03D-FA5D-4E5B-9AAA-58F31986E6D6}.Debug|Any CPU.Build.0 = Debug|Any CPU
		{74E5A03D-FA5D-4E5B-9AAA-58F31986E6D6}.Release|Any CPU.ActiveCfg = Release|Any CPU
		{74E5A03D-FA5D-4E5B-9AAA-58F31986E6D6}.Release|Any CPU.Build.0 = Release|Any CPU
	EndGlobalSection
	GlobalSection(SolutionProperties) = preSolution
		HideSolutionNode = FALSE
	EndGlobalSection
	GlobalSection(ExtensibilityGlobals) = postSolution
		SolutionGuid = {DB29F6EB-4BBC-42C5-96B9-45F6EEC14A1D}
	EndGlobalSection
EndGlobal
